
Microsoft Visual Studio Solution File, Format Version 12.00
# Visual Studio Version 17
VisualStudioVersion = 17.1.32210.238
MinimumVisualStudioVersion = 10.0.40219.1
Project("{FAE04EC0-301F-11D3-BF4B-00C04F79EFBC}") = "Module2Niveau2", "Module2Niveau2\Module2Niveau2.csproj", "{AB466801-71F0-4AA4-B363-215688A0F5DD}"
EndProject
Global
	GlobalSection(SolutionConfigurationPlatforms) = preSolution
		Debug|Any CPU = Debug|Any CPU
		Release|Any CPU = Release|Any CPU
	EndGlobalSection
	GlobalSection(ProjectConfigurationPlatforms) = postSolution
		{AB466801-71F0-4AA4-B363-215688A0F5DD}.Debug|Any CPU.ActiveCfg = Debug|Any CPU
		{AB466801-71F0-4AA4-B363-215688A0F5DD}.Debug|Any CPU.Build.0 = Debug|Any CPU
		{AB466801-71F0-4AA4-B363-215688A0F5DD}.Release|Any CPU.ActiveCfg = Release|Any CPU
		{AB466801-71F0-4AA4-B363-215688A0F5DD}.Release|Any CPU.Build.0 = Release|Any CPU
	EndGlobalSection
	GlobalSection(SolutionProperties) = preSolution
		HideSolutionNode = FALSE
	EndGlobalSection
	GlobalSection(ExtensibilityGlobals) = postSolution
		SolutionGuid = {43BFFB2E-6151-4991-875B-E46FA042D3B3}
	EndGlobalSection
EndGlobal
